
Microsoft Visual Studio Solution File, Format Version 12.00
# Visual Studio 2012
Project("{FAE04EC0-301F-11D3-BF4B-00C04F79EFBC}") = "NorthWest.Domain", "NorthWest.Domain\NorthWest.Domain.csproj", "{094C0C13-2F53-49EF-A23E-53AFC6B2D9F6}"
EndProject
Project("{FAE04EC0-301F-11D3-BF4B-00C04F79EFBC}") = "NorthWest.WebUI", "NorthWest.WebUI\NorthWest.WebUI.csproj", "{DF7AE1A0-51B9-4408-98E3-4B63DC3959D9}"
EndProject
Global
	GlobalSection(SolutionConfigurationPlatforms) = preSolution
		Debug|Any CPU = Debug|Any CPU
		Release|Any CPU = Release|Any CPU
	EndGlobalSection
	GlobalSection(ProjectConfigurationPlatforms) = postSolution
		{094C0C13-2F53-49EF-A23E-53AFC6B2D9F6}.Debug|Any CPU.ActiveCfg = Debug|Any CPU
		{094C0C13-2F53-49EF-A23E-53AFC6B2D9F6}.Debug|Any CPU.Build.0 = Debug|Any CPU
		{094C0C13-2F53-49EF-A23E-53AFC6B2D9F6}.Release|Any CPU.ActiveCfg = Release|Any CPU
		{094C0C13-2F53-49EF-A23E-53AFC6B2D9F6}.Release|Any CPU.Build.0 = Release|Any CPU
		{DF7AE1A0-51B9-4408-98E3-4B63DC3959D9}.Debug|Any CPU.ActiveCfg = Debug|Any CPU
		{DF7AE1A0-51B9-4408-98E3-4B63DC3959D9}.Debug|Any CPU.Build.0 = Debug|Any CPU
		{DF7AE1A0-51B9-4408-98E3-4B63DC3959D9}.Release|Any CPU.ActiveCfg = Release|Any CPU
		{DF7AE1A0-51B9-4408-98E3-4B63DC3959D9}.Release|Any CPU.Build.0 = Release|Any CPU
	EndGlobalSection
	GlobalSection(SolutionProperties) = preSolution
		HideSolutionNode = FALSE
	EndGlobalSection
EndGlobal
